PODS:
  - dr_libphonenumber (0.0.1):
    - Flutter
  - Flutter (1.0.0)

DEPENDENCIES:
  - dr_libphonenumber (from `.symlinks/plugins/dr_libphonenumber/ios`)
  - Flutter (from `Flutter`)

EXTERNAL SOURCES:
  dr_libphonenumber:
    :path: ".symlinks/plugins/dr_libphonenumber/ios"
  Flutter:
    :path: Flutter

SPEC CHECKSUMS:
  dr_libphonenumber: 77d798efe147ecaa28658128bff90aaebc757a6b
  Flutter: 50d75fe2f02b26cc09d224853bb45737f8b3214a

PODFILE CHECKSUM: aafe91acc616949ddb318b77800a7f51bffa2a4c

COCOAPODS: 1.11.3
